
Microsoft Visual Studio Solution File, Format Version 12.00
# Visual Studio 15
VisualStudioVersion = 15.0.28307.102
MinimumVisualStudioVersion = 10.0.40219.1
Project("{9A19103F-16F7-4668-BE54-9A1E7A4F7556}") = "MrAdvice.Sharp", "MrAdvice.Sharp.csproj", "{A1754FA9-16D3-40FB-B710-551817C21305}"
EndProject
Global
	GlobalSection(SolutionConfigurationPlatforms) = preSolution
		Debug|Any CPU = Debug|Any CPU
		Release|Any CPU = Release|Any CPU
	EndGlobalSection
	GlobalSection(ProjectConfigurationPlatforms) = postSolution
		{A1754FA9-16D3-40FB-B710-551817C21305}.Debug|Any CPU.ActiveCfg = Debug|Any CPU
		{A1754FA9-16D3-40FB-B710-551817C21305}.Debug|Any CPU.Build.0 = Debug|Any CPU
		{A1754FA9-16D3-40FB-B710-551817C21305}.Release|Any CPU.ActiveCfg = Release|Any CPU
		{A1754FA9-16D3-40FB-B710-551817C21305}.Release|Any CPU.Build.0 = Release|Any CPU
	EndGlobalSection
	GlobalSection(SolutionProperties) = preSolution
		HideSolutionNode = FALSE
	EndGlobalSection
	GlobalSection(ExtensibilityGlobals) = postSolution
		SolutionGuid = {0F54C649-9DCB-4B06-979B-354FFC4D3C1F}
	EndGlobalSection
EndGlobal
